{
    "_meta": {
        "hash": {
            "sha256": "31e4f733a36e5899ab4c849185fca1837cd044a224734e29683d746835fc4358"
        },
        "pipfile-spec": 6,
        "requires": {
            "python_version": "3.10"
        },
        "sources": [
            {
                "name": "pypi",
                "url": "https://pypi.org/simple",
                "verify_ssl": true
            }
        ]
    },
    "default": {
        "scapy": {
            "hashes": [
                "sha256:5b260c2b754fd8d409ba83ee7aee294ecdbb2c235f9f78fe90bc11cb6e5debc2"
            ],
            "index": "pypi",
            "version": "==2.5.0"
        }
    },
    "develop": {}
}
