{
    "_meta": {
        "hash": {
            "sha256": "0ccbd61c3d956d7b0c4ccdbb09441104d4cd6775d5a572b99ef925d990b4decd"
        },
        "pipfile-spec": 6,
        "requires": {
            "python_version": "3.10"
        },
        "sources": [
            {
                "name": "pypi",
                "url": "https://pypi.org/simple",
                "verify_ssl": true
            }
        ]
    },
    "default": {
        "scapy": {
            "hashes": [
                "sha256:5b260c2b754fd8d409ba83ee7aee294ecdbb2c235f9f78fe90bc11cb6e5debc2"
            ],
            "index": "pypi",
            "version": "==2.5.0"
        },
        "scapy-http": {
            "hashes": [
                "sha256:55a9f9eabc0dc9d2629fda10057673d26711ca859c3a4e7a1b06a2081d6a35c0",
                "sha256:ff5e9fd8bb1b845e4b93501545c331e1005804796db3198d9dd83ae07dd900c5"
            ],
            "index": "pypi",
            "version": "==1.8.2"
        }
    },
    "develop": {}
}
